// !$*UTF8*$!
{
	archiveVersion = 1;
	classes = {
	};
	objectVersion = 50;
	objects = {

/* Begin PBXBuildFile section */
		20E6788D21E9131700C2CBF5 /* AppDelegate.swift in Sources */ = {isa = PBXBuildFile; fileRef = 20E6788C21E9131700C2CBF5 /* AppDelegate.swift */; };
		20E6789421E9131700C2CBF5 /* Assets.xcassets in Resources */ = {isa = PBXBuildFile; fileRef = 20E6789321E9131700C2CBF5 /* Assets.xcassets */; };
		20E6789721E9131700C2CBF5 /* LaunchScreen.storyboard in Resources */ = {isa = PBXBuildFile; fileRef = 20E6789521E9131700C2CBF5 /* LaunchScreen.storyboard */; };
		20E678A221E9131800C2CBF5 /* viperProjectTests.swift in Sources */ = {isa = PBXBuildFile; fileRef = 20E678A121E9131800C2CBF5 /* viperProjectTests.swift */; };
		20E678AD21E9131800C2CBF5 /* viperProjectUITests.swift in Sources */ = {isa = PBXBuildFile; fileRef = 20E678AC21E9131800C2CBF5 /* viperProjectUITests.swift */; };
		20E678BD21E938F000C2CBF5 /* MainProtocols.swift in Sources */ = {isa = PBXBuildFile; fileRef = 20E678BC21E938F000C2CBF5 /* MainProtocols.swift */; };
		20E678BF21E93A1E00C2CBF5 /* MainPresenter.swift in Sources */ = {isa = PBXBuildFile; fileRef = 20E678BE21E93A1E00C2CBF5 /* MainPresenter.swift */; };
		20E678C121E93A2A00C2CBF5 /* MainInteractor.swift in Sources */ = {isa = PBXBuildFile; fileRef = 20E678C021E93A2A00C2CBF5 /* MainInteractor.swift */; };
		20E678C321E93A4600C2CBF5 /* MainRouter.swift in Sources */ = {isa = PBXBuildFile; fileRef = 20E678C221E93A4600C2CBF5 /* MainRouter.swift */; };
		20E678C521E93A6E00C2CBF5 /* MainEntities.swift in Sources */ = {isa = PBXBuildFile; fileRef = 20E678C421E93A6E00C2CBF5 /* MainEntities.swift */; };
		20E678C721E93AB500C2CBF5 /* MainViewController.swift in Sources */ = {isa = PBXBuildFile; fileRef = 20E678C621E93AB500C2CBF5 /* MainViewController.swift */; };
		20E678CA21E93BD300C2CBF5 /* StoryboardExtension.swift in Sources */ = {isa = PBXBuildFile; fileRef = 20E678C921E93BD300C2CBF5 /* StoryboardExtension.swift */; };
		20E678CE21EA790000C2CBF5 /* NavigationBar.swift in Sources */ = {isa = PBXBuildFile; fileRef = 20E678CD21EA790000C2CBF5 /* NavigationBar.swift */; };
		20E678D121EA8A7000C2CBF5 /* SecondScreenViewController.swift in Sources */ = {isa = PBXBuildFile; fileRef = 20E678D021EA8A7000C2CBF5 /* SecondScreenViewController.swift */; };
		20E678D321EA8A9000C2CBF5 /* SecondScreenProtocols.swift in Sources */ = {isa = PBXBuildFile; fileRef = 20E678D221EA8A9000C2CBF5 /* SecondScreenProtocols.swift */; };
		20E678D521EA8A9C00C2CBF5 /* SecondScreenInteractor.swift in Sources */ = {isa = PBXBuildFile; fileRef = 20E678D421EA8A9C00C2CBF5 /* SecondScreenInteractor.swift */; };
		20E678D721EA8AA800C2CBF5 /* SecondScreenRouter.swift in Sources */ = {isa = PBXBuildFile; fileRef = 20E678D621EA8AA800C2CBF5 /* SecondScreenRouter.swift */; };
		20E678D921EA8AB500C2CBF5 /* SecondScreenEntities.swift in Sources */ = {isa = PBXBuildFile; fileRef = 20E678D821EA8AB500C2CBF5 /* SecondScreenEntities.swift */; };
		20E678DC21EA8AD200C2CBF5 /* SecondScreenPresenter.swift in Sources */ = {isa = PBXBuildFile; fileRef = 20E678DB21EA8AD200C2CBF5 /* SecondScreenPresenter.swift */; };
		20E678E221EA9ED200C2CBF5 /* SecondScreenViewController.storyboard in Resources */ = {isa = PBXBuildFile; fileRef = 20E678E121EA9ED200C2CBF5 /* SecondScreenViewController.storyboard */; };
		20E678FD21EABBF000C2CBF5 /* MainViewController.storyboard in Resources */ = {isa = PBXBuildFile; fileRef = 20E678FB21EABBF000C2CBF5 /* MainViewController.storyboard */; };
/* End PBXBuildFile section */

/* Begin PBXContainerItemProxy section */
		20E6789E21E9131700C2CBF5 /* PBXContainerItemProxy */ = {
			isa = PBXContainerItemProxy;
			containerPortal = 20E6788121E9131700C2CBF5 /* Project object */;
			proxyType = 1;
			remoteGlobalIDString = 20E6788821E9131700C2CBF5;
			remoteInfo = viperProject;
		};
		20E678A921E9131800C2CBF5 /* PBXContainerItemProxy */ = {
			isa = PBXContainerItemProxy;
			containerPortal = 20E6788121E9131700C2CBF5 /* Project object */;
			proxyType = 1;
			remoteGlobalIDString = 20E6788821E9131700C2CBF5;
			remoteInfo = viperProject;
		};
/* End PBXContainerItemProxy section */

/* Begin PBXFileReference section */
		20E6788921E9131700C2CBF5 /* viperProject.app */ = {isa = PBXFileReference; explicitFileType = wrapper.application; includeInIndex = 0; path = viperProject.app; sourceTree = BUILT_PRODUCTS_DIR; };
		20E6788C21E9131700C2CBF5 /* AppDelegate.swift */ = {isa = PBXFileReference; lastKnownFileType = sourcecode.swift; path = AppDelegate.swift; sourceTree = "<group>"; };
		20E6789321E9131700C2CBF5 /* Assets.xcassets */ = {isa = PBXFileReference; lastKnownFileType = folder.assetcatalog; path = Assets.xcassets; sourceTree = "<group>"; };
		20E6789621E9131700C2CBF5 /* Base */ = {isa = PBXFileReference; lastKnownFileType = file.storyboard; name = Base; path = Base.lproj/LaunchScreen.storyboard; sourceTree = "<group>"; };
		20E6789821E9131700C2CBF5 /* Info.plist */ = {isa = PBXFileReference; lastKnownFileType = text.plist.xml; path = Info.plist; sourceTree = "<group>"; };
		20E6789D21E9131700C2CBF5 /* viperProjectTests.xctest */ = {isa = PBXFileReference; explicitFileType = wrapper.cfbundle; includeInIndex = 0; path = viperProjectTests.xctest; sourceTree = BUILT_PRODUCTS_DIR; };
		20E678A121E9131800C2CBF5 /* viperProjectTests.swift */ = {isa = PBXFileReference; lastKnownFileType = sourcecode.swift; path = viperProjectTests.swift; sourceTree = "<group>"; };
		20E678A321E9131800C2CBF5 /* Info.plist */ = {isa = PBXFileReference; lastKnownFileType = text.plist.xml; path = Info.plist; sourceTree = "<group>"; };
		20E678A821E9131800C2CBF5 /* viperProjectUITests.xctest */ = {isa = PBXFileReference; explicitFileType = wrapper.cfbundle; includeInIndex = 0; path = viperProjectUITests.xctest; sourceTree = BUILT_PRODUCTS_DIR; };
		20E678AC21E9131800C2CBF5 /* viperProjectUITests.swift */ = {isa = PBXFileReference; lastKnownFileType = sourcecode.swift; path = viperProjectUITests.swift; sourceTree = "<group>"; };
		20E678AE21E9131800C2CBF5 /* Info.plist */ = {isa = PBXFileReference; lastKnownFileType = text.plist.xml; path = Info.plist; sourceTree = "<group>"; };
		20E678BC21E938F000C2CBF5 /* MainProtocols.swift */ = {isa = PBXFileReference; lastKnownFileType = sourcecode.swift; path = MainProtocols.swift; sourceTree = "<group>"; };
		20E678BE21E93A1E00C2CBF5 /* MainPresenter.swift */ = {isa = PBXFileReference; lastKnownFileType = sourcecode.swift; path = MainPresenter.swift; sourceTree = "<group>"; };
		20E678C021E93A2A00C2CBF5 /* MainInteractor.swift */ = {isa = PBXFileReference; lastKnownFileType = sourcecode.swift; path = MainInteractor.swift; sourceTree = "<group>"; };
		20E678C221E93A4600C2CBF5 /* MainRouter.swift */ = {isa = PBXFileReference; lastKnownFileType = sourcecode.swift; path = MainRouter.swift; sourceTree = "<group>"; };
		20E678C421E93A6E00C2CBF5 /* MainEntities.swift */ = {isa = PBXFileReference; lastKnownFileType = sourcecode.swift; path = MainEntities.swift; sourceTree = "<group>"; };
		20E678C621E93AB500C2CBF5 /* MainViewController.swift */ = {isa = PBXFileReference; lastKnownFileType = sourcecode.swift; path = MainViewController.swift; sourceTree = "<group>"; };
		20E678C921E93BD300C2CBF5 /* StoryboardExtension.swift */ = {isa = PBXFileReference; lastKnownFileType = sourcecode.swift; path = StoryboardExtension.swift; sourceTree = "<group>"; };
		20E678CD21EA790000C2CBF5 /* NavigationBar.swift */ = {isa = PBXFileReference; lastKnownFileType = sourcecode.swift; path = NavigationBar.swift; sourceTree = "<group>"; };
		20E678D021EA8A7000C2CBF5 /* SecondScreenViewController.swift */ = {isa = PBXFileReference; lastKnownFileType = sourcecode.swift; path = SecondScreenViewController.swift; sourceTree = "<group>"; };
		20E678D221EA8A9000C2CBF5 /* SecondScreenProtocols.swift */ = {isa = PBXFileReference; lastKnownFileType = sourcecode.swift; path = SecondScreenProtocols.swift; sourceTree = "<group>"; };
		20E678D421EA8A9C00C2CBF5 /* SecondScreenInteractor.swift */ = {isa = PBXFileReference; lastKnownFileType = sourcecode.swift; path = SecondScreenInteractor.swift; sourceTree = "<group>"; };
		20E678D621EA8AA800C2CBF5 /* SecondScreenRouter.swift */ = {isa = PBXFileReference; lastKnownFileType = sourcecode.swift; path = SecondScreenRouter.swift; sourceTree = "<group>"; };
		20E678D821EA8AB500C2CBF5 /* SecondScreenEntities.swift */ = {isa = PBXFileReference; lastKnownFileType = sourcecode.swift; path = SecondScreenEntities.swift; sourceTree = "<group>"; };
		20E678DB21EA8AD200C2CBF5 /* SecondScreenPresenter.swift */ = {isa = PBXFileReference; lastKnownFileType = sourcecode.swift; path = SecondScreenPresenter.swift; sourceTree = "<group>"; };
		20E678E121EA9ED200C2CBF5 /* SecondScreenViewController.storyboard */ = {isa = PBXFileReference; lastKnownFileType = file.storyboard; path = SecondScreenViewController.storyboard; sourceTree = "<group>"; };
		20E678FC21EABBF000C2CBF5 /* Base */ = {isa = PBXFileReference; lastKnownFileType = file.storyboard; name = Base; path = Base.lproj/MainViewController.storyboard; sourceTree = "<group>"; };
/* End PBXFileReference section */

/* Begin PBXFrameworksBuildPhase section */
		20E6788621E9131700C2CBF5 /* Frameworks */ = {
			isa = PBXFrameworksBuildPhase;
			buildActionMask = 2147483647;
			files = (
			);
			runOnlyForDeploymentPostprocessing = 0;
		};
		20E6789A21E9131700C2CBF5 /* Frameworks */ = {
			isa = PBXFrameworksBuildPhase;
			buildActionMask = 2147483647;
			files = (
			);
			runOnlyForDeploymentPostprocessing = 0;
		};
		20E678A521E9131800C2CBF5 /* Frameworks */ = {
			isa = PBXFrameworksBuildPhase;
			buildActionMask = 2147483647;
			files = (
			);
			runOnlyForDeploymentPostprocessing = 0;
		};
/* End PBXFrameworksBuildPhase section */

/* Begin PBXGroup section */
		20E6788021E9131700C2CBF5 = {
			isa = PBXGroup;
			children = (
				20E6788B21E9131700C2CBF5 /* viperProject */,
				20E678A021E9131700C2CBF5 /* viperProjectTests */,
				20E678AB21E9131800C2CBF5 /* viperProjectUITests */,
				20E6788A21E9131700C2CBF5 /* Products */,
			);
			sourceTree = "<group>";
		};
		20E6788A21E9131700C2CBF5 /* Products */ = {
			isa = PBXGroup;
			children = (
				20E6788921E9131700C2CBF5 /* viperProject.app */,
				20E6789D21E9131700C2CBF5 /* viperProjectTests.xctest */,
				20E678A821E9131800C2CBF5 /* viperProjectUITests.xctest */,
			);
			name = Products;
			sourceTree = "<group>";
		};
		20E6788B21E9131700C2CBF5 /* viperProject */ = {
			isa = PBXGroup;
			children = (
				20E678C821E93BAE00C2CBF5 /* Extension */,
				20E678BA21E9177400C2CBF5 /* Modules */,
				20E6788C21E9131700C2CBF5 /* AppDelegate.swift */,
				20E6789321E9131700C2CBF5 /* Assets.xcassets */,
				20E6789521E9131700C2CBF5 /* LaunchScreen.storyboard */,
				20E6789821E9131700C2CBF5 /* Info.plist */,
			);
			path = viperProject;
			sourceTree = "<group>";
		};
		20E678A021E9131700C2CBF5 /* viperProjectTests */ = {
			isa = PBXGroup;
			children = (
				20E678A121E9131800C2CBF5 /* viperProjectTests.swift */,
				20E678A321E9131800C2CBF5 /* Info.plist */,
			);
			path = viperProjectTests;
			sourceTree = "<group>";
		};
		20E678AB21E9131800C2CBF5 /* viperProjectUITests */ = {
			isa = PBXGroup;
			children = (
				20E678AC21E9131800C2CBF5 /* viperProjectUITests.swift */,
				20E678AE21E9131800C2CBF5 /* Info.plist */,
			);
			path = viperProjectUITests;
			sourceTree = "<group>";
		};
		20E678BA21E9177400C2CBF5 /* Modules */ = {
			isa = PBXGroup;
			children = (
				20E678CF21EA8A3E00C2CBF5 /* SecondScreen */,
				20E678BB21E9178400C2CBF5 /* Main */,
			);
			path = Modules;
			sourceTree = "<group>";
		};
		20E678BB21E9178400C2CBF5 /* Main */ = {
			isa = PBXGroup;
			children = (
				20E678FB21EABBF000C2CBF5 /* MainViewController.storyboard */,
				20E678BC21E938F000C2CBF5 /* MainProtocols.swift */,
				20E678BE21E93A1E00C2CBF5 /* MainPresenter.swift */,
				20E678C021E93A2A00C2CBF5 /* MainInteractor.swift */,
				20E678C221E93A4600C2CBF5 /* MainRouter.swift */,
				20E678C421E93A6E00C2CBF5 /* MainEntities.swift */,
				20E678C621E93AB500C2CBF5 /* MainViewController.swift */,
			);
			path = Main;
			sourceTree = "<group>";
		};
		20E678C821E93BAE00C2CBF5 /* Extension */ = {
			isa = PBXGroup;
			children = (
				20E678C921E93BD300C2CBF5 /* StoryboardExtension.swift */,
				20E678CD21EA790000C2CBF5 /* NavigationBar.swift */,
			);
			path = Extension;
			sourceTree = "<group>";
		};
		20E678CF21EA8A3E00C2CBF5 /* SecondScreen */ = {
			isa = PBXGroup;
			children = (
				20E678D021EA8A7000C2CBF5 /* SecondScreenViewController.swift */,
				20E678D221EA8A9000C2CBF5 /* SecondScreenProtocols.swift */,
				20E678D421EA8A9C00C2CBF5 /* SecondScreenInteractor.swift */,
				20E678D621EA8AA800C2CBF5 /* SecondScreenRouter.swift */,
				20E678D821EA8AB500C2CBF5 /* SecondScreenEntities.swift */,
				20E678DB21EA8AD200C2CBF5 /* SecondScreenPresenter.swift */,
				20E678E121EA9ED200C2CBF5 /* SecondScreenViewController.storyboard */,
			);
			path = SecondScreen;
			sourceTree = "<group>";
		};
/* End PBXGroup section */

/* Begin PBXNativeTarget section */
		20E6788821E9131700C2CBF5 /* viperProject */ = {
			isa = PBXNativeTarget;
			buildConfigurationList = 20E678B121E9131800C2CBF5 /* Build configuration list for PBXNativeTarget "viperProject" */;
			buildPhases = (
				20E6788521E9131700C2CBF5 /* Sources */,
				20E6788621E9131700C2CBF5 /* Frameworks */,
				20E6788721E9131700C2CBF5 /* Resources */,
			);
			buildRules = (
			);
			dependencies = (
			);
			name = viperProject;
			productName = viperProject;
			productReference = 20E6788921E9131700C2CBF5 /* viperProject.app */;
			productType = "com.apple.product-type.application";
		};
		20E6789C21E9131700C2CBF5 /* viperProjectTests */ = {
			isa = PBXNativeTarget;
			buildConfigurationList = 20E678B421E9131800C2CBF5 /* Build configuration list for PBXNativeTarget "viperProjectTests" */;
			buildPhases = (
				20E6789921E9131700C2CBF5 /* Sources */,
				20E6789A21E9131700C2CBF5 /* Frameworks */,
				20E6789B21E9131700C2CBF5 /* Resources */,
			);
			buildRules = (
			);
			dependencies = (
				20E6789F21E9131700C2CBF5 /* PBXTargetDependency */,
			);
			name = viperProjectTests;
			productName = viperProjectTests;
			productReference = 20E6789D21E9131700C2CBF5 /* viperProjectTests.xctest */;
			productType = "com.apple.product-type.bundle.unit-test";
		};
		20E678A721E9131800C2CBF5 /* viperProjectUITests */ = {
			isa = PBXNativeTarget;
			buildConfigurationList = 20E678B721E9131800C2CBF5 /* Build configuration list for PBXNativeTarget "viperProjectUITests" */;
			buildPhases = (
				20E678A421E9131800C2CBF5 /* Sources */,
				20E678A521E9131800C2CBF5 /* Frameworks */,
				20E678A621E9131800C2CBF5 /* Resources */,
			);
			buildRules = (
			);
			dependencies = (
				20E678AA21E9131800C2CBF5 /* PBXTargetDependency */,
			);
			name = viperProjectUITests;
			productName = viperProjectUITests;
			productReference = 20E678A821E9131800C2CBF5 /* viperProjectUITests.xctest */;
			productType = "com.apple.product-type.bundle.ui-testing";
		};
/* End PBXNativeTarget section */

/* Begin PBXProject section */
		20E6788121E9131700C2CBF5 /* Project object */ = {
			isa = PBXProject;
			attributes = {
				LastSwiftUpdateCheck = 1010;
				LastUpgradeCheck = 1010;
				ORGANIZATIONNAME = "Hamza Jerbi";
				TargetAttributes = {
					20E6788821E9131700C2CBF5 = {
						CreatedOnToolsVersion = 10.1;
					};
					20E6789C21E9131700C2CBF5 = {
						CreatedOnToolsVersion = 10.1;
						TestTargetID = 20E6788821E9131700C2CBF5;
					};
					20E678A721E9131800C2CBF5 = {
						CreatedOnToolsVersion = 10.1;
						TestTargetID = 20E6788821E9131700C2CBF5;
					};
				};
			};
			buildConfigurationList = 20E6788421E9131700C2CBF5 /* Build configuration list for PBXProject "viperProject" */;
			compatibilityVersion = "Xcode 9.3";
			developmentRegion = en;
			hasScannedForEncodings = 0;
			knownRegions = (
				en,
				Base,
			);
			mainGroup = 20E6788021E9131700C2CBF5;
			productRefGroup = 20E6788A21E9131700C2CBF5 /* Products */;
			projectDirPath = "";
			projectRoot = "";
			targets = (
				20E6788821E9131700C2CBF5 /* viperProject */,
				20E6789C21E9131700C2CBF5 /* viperProjectTests */,
				20E678A721E9131800C2CBF5 /* viperProjectUITests */,
			);
		};
/* End PBXProject section */

/* Begin PBXResourcesBuildPhase section */
		20E6788721E9131700C2CBF5 /* Resources */ = {
			isa = PBXResourcesBuildPhase;
			buildActionMask = 2147483647;
			files = (
				20E678FD21EABBF000C2CBF5 /* MainViewController.storyboard in Resources */,
				20E6789721E9131700C2CBF5 /* LaunchScreen.storyboard in Resources */,
				20E678E221EA9ED200C2CBF5 /* SecondScreenViewController.storyboard in Resources */,
				20E6789421E9131700C2CBF5 /* Assets.xcassets in Resources */,
			);
			runOnlyForDeploymentPostprocessing = 0;
		};
		20E6789B21E9131700C2CBF5 /* Resources */ = {
			isa = PBXResourcesBuildPhase;
			buildActionMask = 2147483647;
			files = (
			);
			runOnlyForDeploymentPostprocessing = 0;
		};
		20E678A621E9131800C2CBF5 /* Resources */ = {
			isa = PBXResourcesBuildPhase;
			buildActionMask = 2147483647;
			files = (
			);
			runOnlyForDeploymentPostprocessing = 0;
		};
/* End PBXResourcesBuildPhase section */

/* Begin PBXSourcesBuildPhase section */
		20E6788521E9131700C2CBF5 /* Sources */ = {
			isa = PBXSourcesBuildPhase;
			buildActionMask = 2147483647;
			files = (
				20E678C521E93A6E00C2CBF5 /* MainEntities.swift in Sources */,
				20E6788D21E9131700C2CBF5 /* AppDelegate.swift in Sources */,
				20E678D721EA8AA800C2CBF5 /* SecondScreenRouter.swift in Sources */,
				20E678CA21E93BD300C2CBF5 /* StoryboardExtension.swift in Sources */,
				20E678D921EA8AB500C2CBF5 /* SecondScreenEntities.swift in Sources */,
				20E678DC21EA8AD200C2CBF5 /* SecondScreenPresenter.swift in Sources */,
				20E678BD21E938F000C2CBF5 /* MainProtocols.swift in Sources */,
				20E678C121E93A2A00C2CBF5 /* MainInteractor.swift in Sources */,
				20E678CE21EA790000C2CBF5 /* NavigationBar.swift in Sources */,
				20E678D121EA8A7000C2CBF5 /* SecondScreenViewController.swift in Sources */,
				20E678BF21E93A1E00C2CBF5 /* MainPresenter.swift in Sources */,
				20E678D321EA8A9000C2CBF5 /* SecondScreenProtocols.swift in Sources */,
				20E678C321E93A4600C2CBF5 /* MainRouter.swift in Sources */,
				20E678D521EA8A9C00C2CBF5 /* SecondScreenInteractor.swift in Sources */,
				20E678C721E93AB500C2CBF5 /* MainViewController.swift in Sources */,
			);
			runOnlyForDeploymentPostprocessing = 0;
		};
		20E6789921E9131700C2CBF5 /* Sources */ = {
			isa = PBXSourcesBuildPhase;
			buildActionMask = 2147483647;
			files = (
				20E678A221E9131800C2CBF5 /* viperProjectTests.swift in Sources */,
			);
			runOnlyForDeploymentPostprocessing = 0;
		};
		20E678A421E9131800C2CBF5 /* Sources */ = {
			isa = PBXSourcesBuildPhase;
			buildActionMask = 2147483647;
			files = (
				20E678AD21E9131800C2CBF5 /* viperProjectUITests.swift in Sources */,
			);
			runOnlyForDeploymentPostprocessing = 0;
		};
/* End PBXSourcesBuildPhase section */

/* Begin PBXTargetDependency section */
		20E6789F21E9131700C2CBF5 /* PBXTargetDependency */ = {
			isa = PBXTargetDependency;
			target = 20E6788821E9131700C2CBF5 /* viperProject */;
			targetProxy = 20E6789E21E9131700C2CBF5 /* PBXContainerItemProxy */;
		};
		20E678AA21E9131800C2CBF5 /* PBXTargetDependency */ = {
			isa = PBXTargetDependency;
			target = 20E6788821E9131700C2CBF5 /* viperProject */;
			targetProxy = 20E678A921E9131800C2CBF5 /* PBXContainerItemProxy */;
		};
/* End PBXTargetDependency section */

/* Begin PBXVariantGroup section */
		20E6789521E9131700C2CBF5 /* LaunchScreen.storyboard */ = {
			isa = PBXVariantGroup;
			children = (
				20E6789621E9131700C2CBF5 /* Base */,
			);
			name = LaunchScreen.storyboard;
			sourceTree = "<group>";
		};
		20E678FB21EABBF000C2CBF5 /* MainViewController.storyboard */ = {
			isa = PBXVariantGroup;
			children = (
				20E678FC21EABBF000C2CBF5 /* Base */,
			);
			name = MainViewController.storyboard;
			sourceTree = "<group>";
		};
/* End PBXVariantGroup section */

/* Begin XCBuildConfiguration section */
		20E678AF21E9131800C2CBF5 /* Debug */ = {
			isa = XCBuildConfiguration;
			buildSettings = {
				ALWAYS_SEARCH_USER_PATHS = NO;
				CLANG_ANALYZER_NONNULL = YES;
				CLANG_ANALYZER_NUMBER_OBJECT_CONVERSION = YES_AGGRESSIVE;
				CLANG_CXX_LANGUAGE_STANDARD = "gnu++14";
				CLANG_CXX_LIBRARY = "libc++";
				CLANG_ENABLE_MODULES = YES;
				CLANG_ENABLE_OBJC_ARC = YES;
				CLANG_ENABLE_OBJC_WEAK = YES;
				CLANG_WARN_BLOCK_CAPTURE_AUTORELEASING = YES;
				CLANG_WARN_BOOL_CONVERSION = YES;
				CLANG_WARN_COMMA = YES;
				CLANG_WARN_CONSTANT_CONVERSION = YES;
				CLANG_WARN_DEPRECATED_OBJC_IMPLEMENTATIONS = YES;
				CLANG_WARN_DIRECT_OBJC_ISA_USAGE = YES_ERROR;
				CLANG_WARN_DOCUMENTATION_COMMENTS = YES;
				CLANG_WARN_EMPTY_BODY = YES;
				CLANG_WARN_ENUM_CONVERSION = YES;
				CLANG_WARN_INFINITE_RECURSION = YES;
				CLANG_WARN_INT_CONVERSION = YES;
				CLANG_WARN_NON_LITERAL_NULL_CONVERSION = YES;
				CLANG_WARN_OBJC_IMPLICIT_RETAIN_SELF = YES;
				CLANG_WARN_OBJC_LITERAL_CONVERSION = YES;
				CLANG_WARN_OBJC_ROOT_CLASS = YES_ERROR;
				CLANG_WARN_RANGE_LOOP_ANALYSIS = YES;
				CLANG_WARN_STRICT_PROTOTYPES = YES;
				CLANG_WARN_SUSPICIOUS_MOVE = YES;
				CLANG_WARN_UNGUARDED_AVAILABILITY = YES_AGGRESSIVE;
				CLANG_WARN_UNREACHABLE_CODE = YES;
				CLANG_WARN__DUPLICATE_METHOD_MATCH = YES;
				CODE_SIGN_IDENTITY = "iPhone Developer";
				COPY_PHASE_STRIP = NO;
				DEBUG_INFORMATION_FORMAT = dwarf;
				ENABLE_STRICT_OBJC_MSGSEND = YES;
				ENABLE_TESTABILITY = YES;
				GCC_C_LANGUAGE_STANDARD = gnu11;
				GCC_DYNAMIC_NO_PIC = NO;
				GCC_NO_COMMON_BLOCKS = YES;
				GCC_OPTIMIZATION_LEVEL = 0;
				GCC_PREPROCESSOR_DEFINITIONS = (
					"DEBUG=1",
					"$(inherited)",
				);
				GCC_WARN_64_TO_32_BIT_CONVERSION = YES;
				GCC_WARN_ABOUT_RETURN_TYPE = YES_ERROR;
				GCC_WARN_UNDECLARED_SELECTOR = YES;
				GCC_WARN_UNINITIALIZED_AUTOS = YES_AGGRESSIVE;
				GCC_WARN_UNUSED_FUNCTION = YES;
				GCC_WARN_UNUSED_VARIABLE = YES;
				IPHONEOS_DEPLOYMENT_TARGET = 12.1;
				MTL_ENABLE_DEBUG_INFO = INCLUDE_SOURCE;
				MTL_FAST_MATH = YES;
				ONLY_ACTIVE_ARCH = YES;
				SDKROOT = iphoneos;
				SWIFT_ACTIVE_COMPILATION_CONDITIONS = DEBUG;
				SWIFT_OPTIMIZATION_LEVEL = "-Onone";
			};
			name = Debug;
		};
		20E678B021E9131800C2CBF5 /* Release */ = {
			isa = XCBuildConfiguration;
			buildSettings = {
				ALWAYS_SEARCH_USER_PATHS = NO;
				CLANG_ANALYZER_NONNULL = YES;
				CLANG_ANALYZER_NUMBER_OBJECT_CONVERSION = YES_AGGRESSIVE;
				CLANG_CXX_LANGUAGE_STANDARD = "gnu++14";
				CLANG_CXX_LIBRARY = "libc++";
				CLANG_ENABLE_MODULES = YES;
				CLANG_ENABLE_OBJC_ARC = YES;
				CLANG_ENABLE_OBJC_WEAK = YES;
				CLANG_WARN_BLOCK_CAPTURE_AUTORELEASING = YES;
				CLANG_WARN_BOOL_CONVERSION = YES;
				CLANG_WARN_COMMA = YES;
				CLANG_WARN_CONSTANT_CONVERSION = YES;
				CLANG_WARN_DEPRECATED_OBJC_IMPLEMENTATIONS = YES;
				CLANG_WARN_DIRECT_OBJC_ISA_USAGE = YES_ERROR;
				CLANG_WARN_DOCUMENTATION_COMMENTS = YES;
				CLANG_WARN_EMPTY_BODY = YES;
				CLANG_WARN_ENUM_CONVERSION = YES;
				CLANG_WARN_INFINITE_RECURSION = YES;
				CLANG_WARN_INT_CONVERSION = YES;
				CLANG_WARN_NON_LITERAL_NULL_CONVERSION = YES;
				CLANG_WARN_OBJC_IMPLICIT_RETAIN_SELF = YES;
				CLANG_WARN_OBJC_LITERAL_CONVERSION = YES;
				CLANG_WARN_OBJC_ROOT_CLASS = YES_ERROR;
				CLANG_WARN_RANGE_LOOP_ANALYSIS = YES;
				CLANG_WARN_STRICT_PROTOTYPES = YES;
				CLANG_WARN_SUSPICIOUS_MOVE = YES;
				CLANG_WARN_UNGUARDED_AVAILABILITY = YES_AGGRESSIVE;
				CLANG_WARN_UNREACHABLE_CODE = YES;
				CLANG_WARN__DUPLICATE_METHOD_MATCH = YES;
				CODE_SIGN_IDENTITY = "iPhone Developer";
				COPY_PHASE_STRIP = NO;
				DEBUG_INFORMATION_FORMAT = "dwarf-with-dsym";
				ENABLE_NS_ASSERTIONS = NO;
				ENABLE_STRICT_OBJC_MSGSEND = YES;
				GCC_C_LANGUAGE_STANDARD = gnu11;
				GCC_NO_COMMON_BLOCKS = YES;
				GCC_WARN_64_TO_32_BIT_CONVERSION = YES;
				GCC_WARN_ABOUT_RETURN_TYPE = YES_ERROR;
				GCC_WARN_UNDECLARED_SELECTOR = YES;
				GCC_WARN_UNINITIALIZED_AUTOS = YES_AGGRESSIVE;
				GCC_WARN_UNUSED_FUNCTION = YES;
				GCC_WARN_UNUSED_VARIABLE = YES;
				IPHONEOS_DEPLOYMENT_TARGET = 12.1;
				MTL_ENABLE_DEBUG_INFO = NO;
				MTL_FAST_MATH = YES;
				SDKROOT = iphoneos;
				SWIFT_COMPILATION_MODE = wholemodule;
				SWIFT_OPTIMIZATION_LEVEL = "-O";
				VALIDATE_PRODUCT = YES;
			};
			name = Release;
		};
		20E678B221E9131800C2CBF5 /* Debug */ = {
			isa = XCBuildConfiguration;
			buildSettings = {
				ASSETCATALOG_COMPILER_APPICON_NAME = AppIcon;
				CODE_SIGN_STYLE = Automatic;
				INFOPLIST_FILE = viperProject/Info.plist;
				LD_RUNPATH_SEARCH_PATHS = (
					"$(inherited)",
					"@executable_path/Frameworks",
				);
				PRODUCT_BUNDLE_IDENTIFIER = com.hamza.viperProject;
				PRODUCT_NAME = "$(TARGET_NAME)";
				SWIFT_VERSION = 4.2;
				TARGETED_DEVICE_FAMILY = "1,2";
			};
			name = Debug;
		};
		20E678B321E9131800C2CBF5 /* Release */ = {
			isa = XCBuildConfiguration;
			buildSettings = {
				ASSETCATALOG_COMPILER_APPICON_NAME = AppIcon;
				CODE_SIGN_STYLE = Automatic;
				INFOPLIST_FILE = viperProject/Info.plist;
				LD_RUNPATH_SEARCH_PATHS = (
					"$(inherited)",
					"@executable_path/Frameworks",
				);
				PRODUCT_BUNDLE_IDENTIFIER = com.hamza.viperProject;
				PRODUCT_NAME = "$(TARGET_NAME)";
				SWIFT_VERSION = 4.2;
				TARGETED_DEVICE_FAMILY = "1,2";
			};
			name = Release;
		};
		20E678B521E9131800C2CBF5 /* Debug */ = {
			isa = XCBuildConfiguration;
			buildSettings = {
				ALWAYS_EMBED_SWIFT_STANDARD_LIBRARIES = YES;
				BUNDLE_LOADER = "$(TEST_HOST)";
				CODE_SIGN_STYLE = Automatic;
				INFOPLIST_FILE = viperProjectTests/Info.plist;
				LD_RUNPATH_SEARCH_PATHS = (
					"$(inherited)",
					"@executable_path/Frameworks",
					"@loader_path/Frameworks",
				);
				PRODUCT_BUNDLE_IDENTIFIER = com.hamza.viperProjectTests;
				PRODUCT_NAME = "$(TARGET_NAME)";
				SWIFT_VERSION = 4.2;
				TARGETED_DEVICE_FAMILY = "1,2";
				TEST_HOST = "$(BUILT_PRODUCTS_DIR)/viperProject.app/viperProject";
			};
			name = Debug;
		};
		20E678B621E9131800C2CBF5 /* Release */ = {
			isa = XCBuildConfiguration;
			buildSettings = {
				ALWAYS_EMBED_SWIFT_STANDARD_LIBRARIES = YES;
				BUNDLE_LOADER = "$(TEST_HOST)";
				CODE_SIGN_STYLE = Automatic;
				INFOPLIST_FILE = viperProjectTests/Info.plist;
				LD_RUNPATH_SEARCH_PATHS = (
					"$(inherited)",
					"@executable_path/Frameworks",
					"@loader_path/Frameworks",
				);
				PRODUCT_BUNDLE_IDENTIFIER = com.hamza.viperProjectTests;
				PRODUCT_NAME = "$(TARGET_NAME)";
				SWIFT_VERSION = 4.2;
				TARGETED_DEVICE_FAMILY = "1,2";
				TEST_HOST = "$(BUILT_PRODUCTS_DIR)/viperProject.app/viperProject";
			};
			name = Release;
		};
		20E678B821E9131800C2CBF5 /* Debug */ = {
			isa = XCBuildConfiguration;
			buildSettings = {
				ALWAYS_EMBED_SWIFT_STANDARD_LIBRARIES = YES;
				CODE_SIGN_STYLE = Automatic;
				INFOPLIST_FILE = viperProjectUITests/Info.plist;
				LD_RUNPATH_SEARCH_PATHS = (
					"$(inherited)",
					"@executable_path/Frameworks",
					"@loader_path/Frameworks",
				);
				PRODUCT_BUNDLE_IDENTIFIER = com.hamza.viperProjectUITests;
				PRODUCT_NAME = "$(TARGET_NAME)";
				SWIFT_VERSION = 4.2;
				TARGETED_DEVICE_FAMILY = "1,2";
				TEST_TARGET_NAME = viperProject;
			};
			name = Debug;
		};
		20E678B921E9131800C2CBF5 /* Release */ = {
			isa = XCBuildConfiguration;
			buildSettings = {
				ALWAYS_EMBED_SWIFT_STANDARD_LIBRARIES = YES;
				CODE_SIGN_STYLE = Automatic;
				INFOPLIST_FILE = viperProjectUITests/Info.plist;
				LD_RUNPATH_SEARCH_PATHS = (
					"$(inherited)",
					"@executable_path/Frameworks",
					"@loader_path/Frameworks",
				);
				PRODUCT_BUNDLE_IDENTIFIER = com.hamza.viperProjectUITests;
				PRODUCT_NAME = "$(TARGET_NAME)";
				SWIFT_VERSION = 4.2;
				TARGETED_DEVICE_FAMILY = "1,2";
				TEST_TARGET_NAME = viperProject;
			};
			name = Release;
		};
/* End XCBuildConfiguration section */

/* Begin XCConfigurationList section */
		20E6788421E9131700C2CBF5 /* Build configuration list for PBXProject "viperProject" */ = {
			isa = XCConfigurationList;
			buildConfigurations = (
				20E678AF21E9131800C2CBF5 /* Debug */,
				20E678B021E9131800C2CBF5 /* Release */,
			);
			defaultConfigurationIsVisible = 0;
			defaultConfigurationName = Release;
		};
		20E678B121E9131800C2CBF5 /* Build configuration list for PBXNativeTarget "viperProject" */ = {
			isa = XCConfigurationList;
			buildConfigurations = (
				20E678B221E9131800C2CBF5 /* Debug */,
				20E678B321E9131800C2CBF5 /* Release */,
			);
			defaultConfigurationIsVisible = 0;
			defaultConfigurationName = Release;
		};
		20E678B421E9131800C2CBF5 /* Build configuration list for PBXNativeTarget "viperProjectTests" */ = {
			isa = XCConfigurationList;
			buildConfigurations = (
				20E678B521E9131800C2CBF5 /* Debug */,
				20E678B621E9131800C2CBF5 /* Release */,
			);
			defaultConfigurationIsVisible = 0;
			defaultConfigurationName = Release;
		};
		20E678B721E9131800C2CBF5 /* Build configuration list for PBXNativeTarget "viperProjectUITests" */ = {
			isa = XCConfigurationList;
			buildConfigurations = (
				20E678B821E9131800C2CBF5 /* Debug */,
				20E678B921E9131800C2CBF5 /* Release */,
			);
			defaultConfigurationIsVisible = 0;
			defaultConfigurationName = Release;
		};
/* End XCConfigurationList section */
	};
	rootObject = 20E6788121E9131700C2CBF5 /* Project object */;
}
